# THIS IS AN AUTOGENERATED FILE. DO NOT EDIT THIS FILE DIRECTLY.
# yarn lockfile v1


leaflet-svg-shape-markers@^1.4.0:
  version "1.4.0"
  resolved "https://registry.yarnpkg.com/leaflet-svg-shape-markers/-/leaflet-svg-shape-markers-1.4.0.tgz#46376bc833a68dcd1c296d83ade21cd2b31a8723"
  integrity sha512-vUBwso51+4ZVGcLZbhdBGxz+xrbul5jDYxool2yTKbIjAC6rvOMLjr8YBTQbLaa1LBRBQIaWUbmCafdXm17pxw==

leaflet@^1.9.4:
  version "1.9.4"
  resolved "https://registry.yarnpkg.com/leaflet/-/leaflet-1.9.4.tgz#23fae724e282fa25745aff82ca4d394748db7d8d"
  integrity sha512-nxS1ynzJOmOlHp+iL3FyWqK89GtNL8U8rvlMOsQdTTssxZwCXh8N2NB3GDQOL+YR3XnWyZAxwQixURb+FA74PA==
